
Microsoft Visual Studio Solution File, Format Version 12.00
# Visual Studio Version 17
VisualStudioVersion = 17.0.31912.275
MinimumVisualStudioVersion = 10.0.40219.1
Project("{9A19103F-16F7-4668-BE54-9A1E7A4F7556}") = "StreamerApi", "StreamerApi.csproj", "{EE42E687-E970-41DA-93BF-53900E937F5B}"
EndProject
Global
	GlobalSection(SolutionConfigurationPlatforms) = preSolution
		Debug|Any CPU = Debug|Any CPU
		Release|Any CPU = Release|Any CPU
	EndGlobalSection
	GlobalSection(ProjectConfigurationPlatforms) = postSolution
		{EE42E687-E970-41DA-93BF-53900E937F5B}.Debug|Any CPU.ActiveCfg = Debug|Any CPU
		{EE42E687-E970-41DA-93BF-53900E937F5B}.Debug|Any CPU.Build.0 = Debug|Any CPU
		{EE42E687-E970-41DA-93BF-53900E937F5B}.Release|Any CPU.ActiveCfg = Release|Any CPU
		{EE42E687-E970-41DA-93BF-53900E937F5B}.Release|Any CPU.Build.0 = Release|Any CPU
	EndGlobalSection
	GlobalSection(SolutionProperties) = preSolution
		HideSolutionNode = FALSE
	EndGlobalSection
	GlobalSection(ExtensibilityGlobals) = postSolution
		SolutionGuid = {EABCB1F2-C3EC-47FA-A528-2EB7060BCDAD}
	EndGlobalSection
EndGlobal
